// !$*UTF8*$!
{
	archiveVersion = 1;
	classes = {
	};
	objectVersion = 50;
	objects = {

/* Begin PBXBuildFile section */
		3D0F019A56584249FCCCC3EF /* Pods_FlutterProgramsRelease.framework in Frameworks */ = {isa = PBXBuildFile; fileRef = C4D5F792B852C734042A265B /* Pods_FlutterProgramsRelease.framework */; };
		5E8DC40194530E34CEC2F9D5 /* Pods_FlutterPrograms.framework in Frameworks */ = {isa = PBXBuildFile; fileRef = 54C8A5AF4B56898C7F24BE82 /* Pods_FlutterPrograms.framework */; };
		5FB6BE5E4212D68B1FA6FAA3 /* Pods_FlutterPrograms.framework in Frameworks */ = {isa = PBXBuildFile; fileRef = 54C8A5AF4B56898C7F24BE82 /* Pods_FlutterPrograms.framework */; };
		6738862221FAF3C100D3B47A /* AppDelegate.m in Sources */ = {isa = PBXBuildFile; fileRef = 6738862121FAF3C100D3B47A /* AppDelegate.m */; };
		6738862A21FAF3C300D3B47A /* Assets.xcassets in Resources */ = {isa = PBXBuildFile; fileRef = 6738862921FAF3C300D3B47A /* Assets.xcassets */; };
		6738862D21FAF3C300D3B47A /* LaunchScreen.storyboard in Resources */ = {isa = PBXBuildFile; fileRef = 6738862B21FAF3C300D3B47A /* LaunchScreen.storyboard */; };
		6738863021FAF3C300D3B47A /* main.m in Sources */ = {isa = PBXBuildFile; fileRef = 6738862F21FAF3C300D3B47A /* main.m */; };
		6738863A21FAF3C300D3B47A /* FlutterProgramsTests.m in Sources */ = {isa = PBXBuildFile; fileRef = 6738863921FAF3C300D3B47A /* FlutterProgramsTests.m */; };
		6738864521FAF3C300D3B47A /* FlutterProgramsUITests.m in Sources */ = {isa = PBXBuildFile; fileRef = 6738864421FAF3C300D3B47A /* FlutterProgramsUITests.m */; };
		676F9DC32220FF7E00015E85 /* FPAppBundleManager.m in Sources */ = {isa = PBXBuildFile; fileRef = 676F9DC22220FF7E00015E85 /* FPAppBundleManager.m */; };
		676F9DC82221054C00015E85 /* FPNetworkManager.m in Sources */ = {isa = PBXBuildFile; fileRef = 676F9DC72221054C00015E85 /* FPNetworkManager.m */; };
		676F9DDD222187E000015E85 /* FPAppBundle.m in Sources */ = {isa = PBXBuildFile; fileRef = 676F9DDC222187E000015E85 /* FPAppBundle.m */; };
		676F9DE022218A7800015E85 /* FPSpec.m in Sources */ = {isa = PBXBuildFile; fileRef = 676F9DDF22218A7800015E85 /* FPSpec.m */; };
		678969C421FB1B00003A4EB5 /* NSLayoutConstraint+NNVisualFormat.m in Sources */ = {isa = PBXBuildFile; fileRef = 678969C321FB1B00003A4EB5 /* NSLayoutConstraint+NNVisualFormat.m */; };
		678FCB772202A521002C0262 /* NSLayoutConstraint+NNVisualFormat.m in Sources */ = {isa = PBXBuildFile; fileRef = 678969C321FB1B00003A4EB5 /* NSLayoutConstraint+NNVisualFormat.m */; };
		678FCB782202A521002C0262 /* main.m in Sources */ = {isa = PBXBuildFile; fileRef = 6738862F21FAF3C300D3B47A /* main.m */; };
		678FCB792202A521002C0262 /* AppDelegate.m in Sources */ = {isa = PBXBuildFile; fileRef = 6738862121FAF3C100D3B47A /* AppDelegate.m */; };
		678FCB802202A521002C0262 /* LaunchScreen.storyboard in Resources */ = {isa = PBXBuildFile; fileRef = 6738862B21FAF3C300D3B47A /* LaunchScreen.storyboard */; };
		678FCB812202A521002C0262 /* Assets.xcassets in Resources */ = {isa = PBXBuildFile; fileRef = 6738862921FAF3C300D3B47A /* Assets.xcassets */; };
		67BE6E85222253DC003F55C0 /* FPPath.m in Sources */ = {isa = PBXBuildFile; fileRef = 67BE6E84222253DC003F55C0 /* FPPath.m */; };
		67BE6E86222253DC003F55C0 /* FPPath.m in Sources */ = {isa = PBXBuildFile; fileRef = 67BE6E84222253DC003F55C0 /* FPPath.m */; };
		67BE6E8822225DC7003F55C0 /* flutter_bundle in Resources */ = {isa = PBXBuildFile; fileRef = 67BE6E8722225DC7003F55C0 /* flutter_bundle */; };
		67BE6E8922225DC7003F55C0 /* flutter_bundle in Resources */ = {isa = PBXBuildFile; fileRef = 67BE6E8722225DC7003F55C0 /* flutter_bundle */; };
		67BE6E982224C211003F55C0 /* FPFlutterController.m in Sources */ = {isa = PBXBuildFile; fileRef = 67BE6E972224C211003F55C0 /* FPFlutterController.m */; };
		67BE6E992224C211003F55C0 /* FPFlutterController.m in Sources */ = {isa = PBXBuildFile; fileRef = 67BE6E972224C211003F55C0 /* FPFlutterController.m */; };
		67BE6EA82224C3D7003F55C0 /* FPAppController.m in Sources */ = {isa = PBXBuildFile; fileRef = 67BE6EA72224C3D7003F55C0 /* FPAppController.m */; };
		67BE6EA92224C3D7003F55C0 /* FPAppController.m in Sources */ = {isa = PBXBuildFile; fileRef = 67BE6EA72224C3D7003F55C0 /* FPAppController.m */; };
		67BE6EAC2224C3E8003F55C0 /* FPProgramController.m in Sources */ = {isa = PBXBuildFile; fileRef = 67BE6EAB2224C3E8003F55C0 /* FPProgramController.m */; };
		67BE6EAD2224C3E8003F55C0 /* FPProgramController.m in Sources */ = {isa = PBXBuildFile; fileRef = 67BE6EAB2224C3E8003F55C0 /* FPProgramController.m */; };
		67C110A522219B1B00164CC8 /* FPSpec.m in Sources */ = {isa = PBXBuildFile; fileRef = 676F9DDF22218A7800015E85 /* FPSpec.m */; };
		67C110A622219B1E00164CC8 /* FPAppBundle.m in Sources */ = {isa = PBXBuildFile; fileRef = 676F9DDC222187E000015E85 /* FPAppBundle.m */; };
		67C110A722219B4600164CC8 /* FPAppBundleManager.m in Sources */ = {isa = PBXBuildFile; fileRef = 676F9DC22220FF7E00015E85 /* FPAppBundleManager.m */; };
		67C110A822219B4B00164CC8 /* FPNetworkManager.m in Sources */ = {isa = PBXBuildFile; fileRef = 676F9DC72221054C00015E85 /* FPNetworkManager.m */; };
		FAE52DEAA4686BE8F28A9F38 /* Pods_FlutterPrograms.framework in Frameworks */ = {isa = PBXBuildFile; fileRef = 54C8A5AF4B56898C7F24BE82 /* Pods_FlutterPrograms.framework */; };
/* End PBXBuildFile section */

/* Begin PBXContainerItemProxy section */
		6738863621FAF3C300D3B47A /* PBXContainerItemProxy */ = {
			isa = PBXContainerItemProxy;
			containerPortal = 6738861521FAF3C100D3B47A /* Project object */;
			proxyType = 1;
			remoteGlobalIDString = 6738861C21FAF3C100D3B47A;
			remoteInfo = FlutterPrograms;
		};
		6738864121FAF3C300D3B47A /* PBXContainerItemProxy */ = {
			isa = PBXContainerItemProxy;
			containerPortal = 6738861521FAF3C100D3B47A /* Project object */;
			proxyType = 1;
			remoteGlobalIDString = 6738861C21FAF3C100D3B47A;
			remoteInfo = FlutterPrograms;
		};
/* End PBXContainerItemProxy section */

/* Begin PBXFileReference section */
		27CCB746F31A3E56E23994B2 /* Pods-FlutterProgramsRelease.release.xcconfig */ = {isa = PBXFileReference; includeInIndex = 1; lastKnownFileType = text.xcconfig; name = "Pods-FlutterProgramsRelease.release.xcconfig"; path = "Pods/Target Support Files/Pods-FlutterProgramsRelease/Pods-FlutterProgramsRelease.release.xcconfig"; sourceTree = "<group>"; };
		45915A349FE372FF18B9A372 /* Pods-FlutterPrograms.debug.xcconfig */ = {isa = PBXFileReference; includeInIndex = 1; lastKnownFileType = text.xcconfig; name = "Pods-FlutterPrograms.debug.xcconfig"; path = "Pods/Target Support Files/Pods-FlutterPrograms/Pods-FlutterPrograms.debug.xcconfig"; sourceTree = "<group>"; };
		54C8A5AF4B56898C7F24BE82 /* Pods_FlutterPrograms.framework */ = {isa = PBXFileReference; explicitFileType = wrapper.framework; includeInIndex = 0; path = Pods_FlutterPrograms.framework; sourceTree = BUILT_PRODUCTS_DIR; };
		6738861D21FAF3C100D3B47A /* FlutterProgramsRelease.app */ = {isa = PBXFileReference; explicitFileType = wrapper.application; includeInIndex = 0; path = FlutterProgramsRelease.app; sourceTree = BUILT_PRODUCTS_DIR; };
		6738862021FAF3C100D3B47A /* AppDelegate.h */ = {isa = PBXFileReference; lastKnownFileType = sourcecode.c.h; path = AppDelegate.h; sourceTree = "<group>"; };
		6738862121FAF3C100D3B47A /* AppDelegate.m */ = {isa = PBXFileReference; lastKnownFileType = sourcecode.c.objc; path = AppDelegate.m; sourceTree = "<group>"; };
		6738862921FAF3C300D3B47A /* Assets.xcassets */ = {isa = PBXFileReference; lastKnownFileType = folder.assetcatalog; path = Assets.xcassets; sourceTree = "<group>"; };
		6738862C21FAF3C300D3B47A /* Base */ = {isa = PBXFileReference; lastKnownFileType = file.storyboard; name = Base; path = Base.lproj/LaunchScreen.storyboard; sourceTree = "<group>"; };
		6738862E21FAF3C300D3B47A /* Info-release.plist */ = {isa = PBXFileReference; lastKnownFileType = text.plist.xml; path = "Info-release.plist"; sourceTree = "<group>"; };
		6738862F21FAF3C300D3B47A /* main.m */ = {isa = PBXFileReference; lastKnownFileType = sourcecode.c.objc; path = main.m; sourceTree = "<group>"; };
		6738863521FAF3C300D3B47A /* FlutterProgramsTests.xctest */ = {isa = PBXFileReference; explicitFileType = wrapper.cfbundle; includeInIndex = 0; path = FlutterProgramsTests.xctest; sourceTree = BUILT_PRODUCTS_DIR; };
		6738863921FAF3C300D3B47A /* FlutterProgramsTests.m */ = {isa = PBXFileReference; lastKnownFileType = sourcecode.c.objc; path = FlutterProgramsTests.m; sourceTree = "<group>"; };
		6738863B21FAF3C300D3B47A /* Info.plist */ = {isa = PBXFileReference; lastKnownFileType = text.plist.xml; path = Info.plist; sourceTree = "<group>"; };
		6738864021FAF3C300D3B47A /* FlutterProgramsUITests.xctest */ = {isa = PBXFileReference; explicitFileType = wrapper.cfbundle; includeInIndex = 0; path = FlutterProgramsUITests.xctest; sourceTree = BUILT_PRODUCTS_DIR; };
		6738864421FAF3C300D3B47A /* FlutterProgramsUITests.m */ = {isa = PBXFileReference; lastKnownFileType = sourcecode.c.objc; path = FlutterProgramsUITests.m; sourceTree = "<group>"; };
		6738864621FAF3C300D3B47A /* Info.plist */ = {isa = PBXFileReference; lastKnownFileType = text.plist.xml; path = Info.plist; sourceTree = "<group>"; };
		6738865F21FAF7B400D3B47A /* PrefixHeader.pch */ = {isa = PBXFileReference; lastKnownFileType = sourcecode.c.h; path = PrefixHeader.pch; sourceTree = "<group>"; };
		676F9DC12220FF7E00015E85 /* FPAppBundleManager.h */ = {isa = PBXFileReference; lastKnownFileType = sourcecode.c.h; path = FPAppBundleManager.h; sourceTree = "<group>"; };
		676F9DC22220FF7E00015E85 /* FPAppBundleManager.m */ = {isa = PBXFileReference; lastKnownFileType = sourcecode.c.objc; path = FPAppBundleManager.m; sourceTree = "<group>"; };
		676F9DC62221054C00015E85 /* FPNetworkManager.h */ = {isa = PBXFileReference; lastKnownFileType = sourcecode.c.h; path = FPNetworkManager.h; sourceTree = "<group>"; };
		676F9DC72221054C00015E85 /* FPNetworkManager.m */ = {isa = PBXFileReference; lastKnownFileType = sourcecode.c.objc; path = FPNetworkManager.m; sourceTree = "<group>"; };
		676F9DCA222140AA00015E85 /* FPConfig.h */ = {isa = PBXFileReference; lastKnownFileType = sourcecode.c.h; path = FPConfig.h; sourceTree = "<group>"; };
		676F9DD322217F1B00015E85 /* Info.plist */ = {isa = PBXFileReference; fileEncoding = 4; lastKnownFileType = text.plist.xml; path = Info.plist; sourceTree = "<group>"; };
		676F9DDB222187E000015E85 /* FPAppBundle.h */ = {isa = PBXFileReference; lastKnownFileType = sourcecode.c.h; path = FPAppBundle.h; sourceTree = "<group>"; };
		676F9DDC222187E000015E85 /* FPAppBundle.m */ = {isa = PBXFileReference; lastKnownFileType = sourcecode.c.objc; path = FPAppBundle.m; sourceTree = "<group>"; };
		676F9DDE22218A7800015E85 /* FPSpec.h */ = {isa = PBXFileReference; lastKnownFileType = sourcecode.c.h; path = FPSpec.h; sourceTree = "<group>"; };
		676F9DDF22218A7800015E85 /* FPSpec.m */ = {isa = PBXFileReference; lastKnownFileType = sourcecode.c.objc; path = FPSpec.m; sourceTree = "<group>"; };
		678969C221FB1B00003A4EB5 /* NSLayoutConstraint+NNVisualFormat.h */ = {isa = PBXFileReference; fileEncoding = 4; lastKnownFileType = sourcecode.c.h; path = "NSLayoutConstraint+NNVisualFormat.h"; sourceTree = "<group>"; };
		678969C321FB1B00003A4EB5 /* NSLayoutConstraint+NNVisualFormat.m */ = {isa = PBXFileReference; fileEncoding = 4; lastKnownFileType = sourcecode.c.objc; path = "NSLayoutConstraint+NNVisualFormat.m"; sourceTree = "<group>"; };
		678FCB872202A521002C0262 /* FlutterPrograms.app */ = {isa = PBXFileReference; explicitFileType = wrapper.application; includeInIndex = 0; path = FlutterPrograms.app; sourceTree = BUILT_PRODUCTS_DIR; };
		67BE6E83222253DC003F55C0 /* FPPath.h */ = {isa = PBXFileReference; lastKnownFileType = sourcecode.c.h; path = FPPath.h; sourceTree = "<group>"; };
		67BE6E84222253DC003F55C0 /* FPPath.m */ = {isa = PBXFileReference; lastKnownFileType = sourcecode.c.objc; path = FPPath.m; sourceTree = "<group>"; };
		67BE6E8722225DC7003F55C0 /* flutter_bundle */ = {isa = PBXFileReference; lastKnownFileType = folder; path = flutter_bundle; sourceTree = "<group>"; };
		67BE6E962224C211003F55C0 /* FPFlutterController.h */ = {isa = PBXFileReference; lastKnownFileType = sourcecode.c.h; path = FPFlutterController.h; sourceTree = "<group>"; };
		67BE6E972224C211003F55C0 /* FPFlutterController.m */ = {isa = PBXFileReference; lastKnownFileType = sourcecode.c.objc; path = FPFlutterController.m; sourceTree = "<group>"; };
		67BE6EA62224C3D7003F55C0 /* FPAppController.h */ = {isa = PBXFileReference; lastKnownFileType = sourcecode.c.h; path = FPAppController.h; sourceTree = "<group>"; };
		67BE6EA72224C3D7003F55C0 /* FPAppController.m */ = {isa = PBXFileReference; lastKnownFileType = sourcecode.c.objc; path = FPAppController.m; sourceTree = "<group>"; };
		67BE6EAA2224C3E8003F55C0 /* FPProgramController.h */ = {isa = PBXFileReference; lastKnownFileType = sourcecode.c.h; path = FPProgramController.h; sourceTree = "<group>"; };
		67BE6EAB2224C3E8003F55C0 /* FPProgramController.m */ = {isa = PBXFileReference; lastKnownFileType = sourcecode.c.objc; path = FPProgramController.m; sourceTree = "<group>"; };
		67BE6EAE222ED4C7003F55C0 /* FPSafeArea.h */ = {isa = PBXFileReference; lastKnownFileType = sourcecode.c.h; path = FPSafeArea.h; sourceTree = "<group>"; };
		76A8511446C2520A0C6763EB /* Pods-FlutterProgramsRelease.debug.xcconfig */ = {isa = PBXFileReference; includeInIndex = 1; lastKnownFileType = text.xcconfig; name = "Pods-FlutterProgramsRelease.debug.xcconfig"; path = "Pods/Target Support Files/Pods-FlutterProgramsRelease/Pods-FlutterProgramsRelease.debug.xcconfig"; sourceTree = "<group>"; };
		7F2996DEFB88239C6317A445 /* Pods-FlutterPrograms.release.xcconfig */ = {isa = PBXFileReference; includeInIndex = 1; lastKnownFileType = text.xcconfig; name = "Pods-FlutterPrograms.release.xcconfig"; path = "Pods/Target Support Files/Pods-FlutterPrograms/Pods-FlutterPrograms.release.xcconfig"; sourceTree = "<group>"; };
		C4D5F792B852C734042A265B /* Pods_FlutterProgramsRelease.framework */ = {isa = PBXFileReference; explicitFileType = wrapper.framework; includeInIndex = 0; path = Pods_FlutterProgramsRelease.framework; sourceTree = BUILT_PRODUCTS_DIR; };
/* End PBXFileReference section */

/* Begin PBXFrameworksBuildPhase section */
		6738861A21FAF3C100D3B47A /* Frameworks */ = {
			isa = PBXFrameworksBuildPhase;
			buildActionMask = 2147483647;
			files = (
				5E8DC40194530E34CEC2F9D5 /* Pods_FlutterPrograms.framework in Frameworks */,
				5FB6BE5E4212D68B1FA6FAA3 /* Pods_FlutterPrograms.framework in Frameworks */,
				3D0F019A56584249FCCCC3EF /* Pods_FlutterProgramsRelease.framework in Frameworks */,
			);
			runOnlyForDeploymentPostprocessing = 0;
		};
		6738863221FAF3C300D3B47A /* Frameworks */ = {
			isa = PBXFrameworksBuildPhase;
			buildActionMask = 2147483647;
			files = (
			);
			runOnlyForDeploymentPostprocessing = 0;
		};
		6738863D21FAF3C300D3B47A /* Frameworks */ = {
			isa = PBXFrameworksBuildPhase;
			buildActionMask = 2147483647;
			files = (
			);
			runOnlyForDeploymentPostprocessing = 0;
		};
		678FCB7C2202A521002C0262 /* Frameworks */ = {
			isa = PBXFrameworksBuildPhase;
			buildActionMask = 2147483647;
			files = (
				FAE52DEAA4686BE8F28A9F38 /* Pods_FlutterPrograms.framework in Frameworks */,
			);
			runOnlyForDeploymentPostprocessing = 0;
		};
/* End PBXFrameworksBuildPhase section */

/* Begin PBXGroup section */
		5874222D6DEC1D02C5267B22 /* Frameworks */ = {
			isa = PBXGroup;
			children = (
				54C8A5AF4B56898C7F24BE82 /* Pods_FlutterPrograms.framework */,
				C4D5F792B852C734042A265B /* Pods_FlutterProgramsRelease.framework */,
			);
			name = Frameworks;
			sourceTree = "<group>";
		};
		63D199A967C7571F4D4CFD95 /* Pods */ = {
			isa = PBXGroup;
			children = (
				45915A349FE372FF18B9A372 /* Pods-FlutterPrograms.debug.xcconfig */,
				7F2996DEFB88239C6317A445 /* Pods-FlutterPrograms.release.xcconfig */,
				76A8511446C2520A0C6763EB /* Pods-FlutterProgramsRelease.debug.xcconfig */,
				27CCB746F31A3E56E23994B2 /* Pods-FlutterProgramsRelease.release.xcconfig */,
			);
			name = Pods;
			sourceTree = "<group>";
		};
		6738861421FAF3C100D3B47A = {
			isa = PBXGroup;
			children = (
				6738861F21FAF3C100D3B47A /* FlutterPrograms */,
				6738863821FAF3C300D3B47A /* FlutterProgramsTests */,
				6738864321FAF3C300D3B47A /* FlutterProgramsUITests */,
				6738861E21FAF3C100D3B47A /* Products */,
				63D199A967C7571F4D4CFD95 /* Pods */,
				5874222D6DEC1D02C5267B22 /* Frameworks */,
			);
			sourceTree = "<group>";
		};
		6738861E21FAF3C100D3B47A /* Products */ = {
			isa = PBXGroup;
			children = (
				6738861D21FAF3C100D3B47A /* FlutterProgramsRelease.app */,
				6738863521FAF3C300D3B47A /* FlutterProgramsTests.xctest */,
				6738864021FAF3C300D3B47A /* FlutterProgramsUITests.xctest */,
				678FCB872202A521002C0262 /* FlutterPrograms.app */,
			);
			name = Products;
			sourceTree = "<group>";
		};
		6738861F21FAF3C100D3B47A /* FlutterPrograms */ = {
			isa = PBXGroup;
			children = (
				67BE6E8722225DC7003F55C0 /* flutter_bundle */,
				67C110A4222193D400164CC8 /* Tools */,
				676F9DD72221862B00015E85 /* Model */,
				676F9DC92221409300015E85 /* Config */,
				676F9DC42220FF8A00015E85 /* Manager */,
				6738862021FAF3C100D3B47A /* AppDelegate.h */,
				6738862121FAF3C100D3B47A /* AppDelegate.m */,
				67BE6EA62224C3D7003F55C0 /* FPAppController.h */,
				67BE6EA72224C3D7003F55C0 /* FPAppController.m */,
				67BE6EAA2224C3E8003F55C0 /* FPProgramController.h */,
				67BE6EAB2224C3E8003F55C0 /* FPProgramController.m */,
				67BE6E962224C211003F55C0 /* FPFlutterController.h */,
				67BE6E972224C211003F55C0 /* FPFlutterController.m */,
				6738862921FAF3C300D3B47A /* Assets.xcassets */,
				6738862B21FAF3C300D3B47A /* LaunchScreen.storyboard */,
				678969C121FB1B00003A4EB5 /* Category */,
				6738865E21FAF77D00D3B47A /* Supporting Files */,
			);
			path = FlutterPrograms;
			sourceTree = "<group>";
		};
		6738863821FAF3C300D3B47A /* FlutterProgramsTests */ = {
			isa = PBXGroup;
			children = (
				6738863921FAF3C300D3B47A /* FlutterProgramsTests.m */,
				6738863B21FAF3C300D3B47A /* Info.plist */,
			);
			path = FlutterProgramsTests;
			sourceTree = "<group>";
		};
		6738864321FAF3C300D3B47A /* FlutterProgramsUITests */ = {
			isa = PBXGroup;
			children = (
				6738864421FAF3C300D3B47A /* FlutterProgramsUITests.m */,
				6738864621FAF3C300D3B47A /* Info.plist */,
			);
			path = FlutterProgramsUITests;
			sourceTree = "<group>";
		};
		6738865E21FAF77D00D3B47A /* Supporting Files */ = {
			isa = PBXGroup;
			children = (
				676F9DD322217F1B00015E85 /* Info.plist */,
				6738862E21FAF3C300D3B47A /* Info-release.plist */,
				6738862F21FAF3C300D3B47A /* main.m */,
				6738865F21FAF7B400D3B47A /* PrefixHeader.pch */,
			);
			path = "Supporting Files";
			sourceTree = "<group>";
		};
		676F9DC42220FF8A00015E85 /* Manager */ = {
			isa = PBXGroup;
			children = (
				676F9DC12220FF7E00015E85 /* FPAppBundleManager.h */,
				676F9DC22220FF7E00015E85 /* FPAppBundleManager.m */,
				676F9DC62221054C00015E85 /* FPNetworkManager.h */,
				676F9DC72221054C00015E85 /* FPNetworkManager.m */,
			);
			path = Manager;
			sourceTree = "<group>";
		};
		676F9DC92221409300015E85 /* Config */ = {
			isa = PBXGroup;
			children = (
				676F9DCA222140AA00015E85 /* FPConfig.h */,
			);
			path = Config;
			sourceTree = "<group>";
		};
		676F9DD72221862B00015E85 /* Model */ = {
			isa = PBXGroup;
			children = (
				676F9DDE22218A7800015E85 /* FPSpec.h */,
				676F9DDF22218A7800015E85 /* FPSpec.m */,
				676F9DDB222187E000015E85 /* FPAppBundle.h */,
				676F9DDC222187E000015E85 /* FPAppBundle.m */,
			);
			path = Model;
			sourceTree = "<group>";
		};
		678969C121FB1B00003A4EB5 /* Category */ = {
			isa = PBXGroup;
			children = (
				678969C221FB1B00003A4EB5 /* NSLayoutConstraint+NNVisualFormat.h */,
				678969C321FB1B00003A4EB5 /* NSLayoutConstraint+NNVisualFormat.m */,
			);
			path = Category;
			sourceTree = "<group>";
		};
		67C110A4222193D400164CC8 /* Tools */ = {
			isa = PBXGroup;
			children = (
				67BE6E83222253DC003F55C0 /* FPPath.h */,
				67BE6E84222253DC003F55C0 /* FPPath.m */,
				67BE6EAE222ED4C7003F55C0 /* FPSafeArea.h */,
			);
			path = Tools;
			sourceTree = "<group>";
		};
/* End PBXGroup section */

/* Begin PBXNativeTarget section */
		6738861C21FAF3C100D3B47A /* FlutterProgramsRelease */ = {
			isa = PBXNativeTarget;
			buildConfigurationList = 6738864921FAF3C300D3B47A /* Build configuration list for PBXNativeTarget "FlutterProgramsRelease" */;
			buildPhases = (
				791500E9283AE95B0830B71F /* [CP] Check Pods Manifest.lock */,
				6738861921FAF3C100D3B47A /* Sources */,
				6738861A21FAF3C100D3B47A /* Frameworks */,
				6738861B21FAF3C100D3B47A /* Resources */,
				E71C2618944B73412D43BD42 /* [CP] Embed Pods Frameworks */,
			);
			buildRules = (
			);
			dependencies = (
			);
			name = FlutterProgramsRelease;
			productName = FlutterPrograms;
			productReference = 6738861D21FAF3C100D3B47A /* FlutterProgramsRelease.app */;
			productType = "com.apple.product-type.application";
		};
		6738863421FAF3C300D3B47A /* FlutterProgramsTests */ = {
			isa = PBXNativeTarget;
			buildConfigurationList = 6738864C21FAF3C300D3B47A /* Build configuration list for PBXNativeTarget "FlutterProgramsTests" */;
			buildPhases = (
				6738863121FAF3C300D3B47A /* Sources */,
				6738863221FAF3C300D3B47A /* Frameworks */,
				6738863321FAF3C300D3B47A /* Resources */,
			);
			buildRules = (
			);
			dependencies = (
				6738863721FAF3C300D3B47A /* PBXTargetDependency */,
			);
			name = FlutterProgramsTests;
			productName = FlutterProgramsTests;
			productReference = 6738863521FAF3C300D3B47A /* FlutterProgramsTests.xctest */;
			productType = "com.apple.product-type.bundle.unit-test";
		};
		6738863F21FAF3C300D3B47A /* FlutterProgramsUITests */ = {
			isa = PBXNativeTarget;
			buildConfigurationList = 6738864F21FAF3C300D3B47A /* Build configuration list for PBXNativeTarget "FlutterProgramsUITests" */;
			buildPhases = (
				6738863C21FAF3C300D3B47A /* Sources */,
				6738863D21FAF3C300D3B47A /* Frameworks */,
				6738863E21FAF3C300D3B47A /* Resources */,
			);
			buildRules = (
			);
			dependencies = (
				6738864221FAF3C300D3B47A /* PBXTargetDependency */,
			);
			name = FlutterProgramsUITests;
			productName = FlutterProgramsUITests;
			productReference = 6738864021FAF3C300D3B47A /* FlutterProgramsUITests.xctest */;
			productType = "com.apple.product-type.bundle.ui-testing";
		};
		678FCB742202A521002C0262 /* FlutterPrograms */ = {
			isa = PBXNativeTarget;
			buildConfigurationList = 678FCB842202A521002C0262 /* Build configuration list for PBXNativeTarget "FlutterPrograms" */;
			buildPhases = (
				217365F8600C6B68DF39A14B /* [CP] Check Pods Manifest.lock */,
				678FCB762202A521002C0262 /* Sources */,
				678FCB7C2202A521002C0262 /* Frameworks */,
				678FCB7E2202A521002C0262 /* Resources */,
				678FCB892202A5B9002C0262 /* ShellScript */,
				A1D00ACFF79588443F16B2C6 /* [CP] Embed Pods Frameworks */,
			);
			buildRules = (
			);
			dependencies = (
			);
			name = FlutterPrograms;
			productName = FlutterPrograms;
			productReference = 678FCB872202A521002C0262 /* FlutterPrograms.app */;
			productType = "com.apple.product-type.application";
		};
/* End PBXNativeTarget section */

/* Begin PBXProject section */
		6738861521FAF3C100D3B47A /* Project object */ = {
			isa = PBXProject;
			attributes = {
				LastUpgradeCheck = 1010;
				ORGANIZATIONNAME = GuHaijun;
				TargetAttributes = {
					6738861C21FAF3C100D3B47A = {
						CreatedOnToolsVersion = 10.1;
					};
					6738863421FAF3C300D3B47A = {
						CreatedOnToolsVersion = 10.1;
						TestTargetID = 6738861C21FAF3C100D3B47A;
					};
					6738863F21FAF3C300D3B47A = {
						CreatedOnToolsVersion = 10.1;
						TestTargetID = 6738861C21FAF3C100D3B47A;
					};
				};
			};
			buildConfigurationList = 6738861821FAF3C100D3B47A /* Build configuration list for PBXProject "FlutterPrograms" */;
			compatibilityVersion = "Xcode 9.3";
			developmentRegion = en;
			hasScannedForEncodings = 0;
			knownRegions = (
				en,
				Base,
			);
			mainGroup = 6738861421FAF3C100D3B47A;
			productRefGroup = 6738861E21FAF3C100D3B47A /* Products */;
			projectDirPath = "";
			projectRoot = "";
			targets = (
				678FCB742202A521002C0262 /* FlutterPrograms */,
				6738861C21FAF3C100D3B47A /* FlutterProgramsRelease */,
				6738863421FAF3C300D3B47A /* FlutterProgramsTests */,
				6738863F21FAF3C300D3B47A /* FlutterProgramsUITests */,
			);
		};
/* End PBXProject section */

/* Begin PBXResourcesBuildPhase section */
		6738861B21FAF3C100D3B47A /* Resources */ = {
			isa = PBXResourcesBuildPhase;
			buildActionMask = 2147483647;
			files = (
				67BE6E8922225DC7003F55C0 /* flutter_bundle in Resources */,
				6738862D21FAF3C300D3B47A /* LaunchScreen.storyboard in Resources */,
				6738862A21FAF3C300D3B47A /* Assets.xcassets in Resources */,
			);
			runOnlyForDeploymentPostprocessing = 0;
		};
		6738863321FAF3C300D3B47A /* Resources */ = {
			isa = PBXResourcesBuildPhase;
			buildActionMask = 2147483647;
			files = (
			);
			runOnlyForDeploymentPostprocessing = 0;
		};
		6738863E21FAF3C300D3B47A /* Resources */ = {
			isa = PBXResourcesBuildPhase;
			buildActionMask = 2147483647;
			files = (
			);
			runOnlyForDeploymentPostprocessing = 0;
		};
		678FCB7E2202A521002C0262 /* Resources */ = {
			isa = PBXResourcesBuildPhase;
			buildActionMask = 2147483647;
			files = (
				67BE6E8822225DC7003F55C0 /* flutter_bundle in Resources */,
				678FCB802202A521002C0262 /* LaunchScreen.storyboard in Resources */,
				678FCB812202A521002C0262 /* Assets.xcassets in Resources */,
			);
			runOnlyForDeploymentPostprocessing = 0;
		};
/* End PBXResourcesBuildPhase section */

/* Begin PBXShellScriptBuildPhase section */
		217365F8600C6B68DF39A14B /* [CP] Check Pods Manifest.lock */ = {
			isa = PBXShellScriptBuildPhase;
			buildActionMask = 2147483647;
			files = (
			);
			inputFileListPaths = (
			);
			inputPaths = (
				"${PODS_PODFILE_DIR_PATH}/Podfile.lock",
				"${PODS_ROOT}/Manifest.lock",
			);
			name = "[CP] Check Pods Manifest.lock";
			outputFileListPaths = (
			);
			outputPaths = (
				"$(DERIVED_FILE_DIR)/Pods-FlutterPrograms-checkManifestLockResult.txt",
			);
			runOnlyForDeploymentPostprocessing = 0;
			shellPath = /bin/sh;
			shellScript = "diff \"${PODS_PODFILE_DIR_PATH}/Podfile.lock\" \"${PODS_ROOT}/Manifest.lock\" > /dev/null\nif [ $? != 0 ] ; then\n    # print error to STDERR\n    echo \"error: The sandbox is not in sync with the Podfile.lock. Run 'pod install' or update your CocoaPods installation.\" >&2\n    exit 1\nfi\n# This output is used by Xcode 'outputs' to avoid re-running this script phase.\necho \"SUCCESS\" > \"${SCRIPT_OUTPUT_FILE_0}\"\n";
			showEnvVarsInLog = 0;
		};
		678FCB892202A5B9002C0262 /* ShellScript */ = {
			isa = PBXShellScriptBuildPhase;
			buildActionMask = 2147483647;
			files = (
			);
			inputFileListPaths = (
			);
			inputPaths = (
			);
			outputFileListPaths = (
			);
			outputPaths = (
			);
			runOnlyForDeploymentPostprocessing = 0;
			shellPath = /bin/sh;
			shellScript = "# Type a script or drag a script file from your workspace to insert its path.\n\"$FLUTTER_ROOT/packages/flutter_tools/bin/xcode_backend.sh\" build\n\"$FLUTTER_ROOT/packages/flutter_tools/bin/xcode_backend.sh\" embed\n";
		};
		791500E9283AE95B0830B71F /* [CP] Check Pods Manifest.lock */ = {
			isa = PBXShellScriptBuildPhase;
			buildActionMask = 2147483647;
			files = (
			);
			inputFileListPaths = (
			);
			inputPaths = (
				"${PODS_PODFILE_DIR_PATH}/Podfile.lock",
				"${PODS_ROOT}/Manifest.lock",
			);
			name = "[CP] Check Pods Manifest.lock";
			outputFileListPaths = (
			);
			outputPaths = (
				"$(DERIVED_FILE_DIR)/Pods-FlutterProgramsRelease-checkManifestLockResult.txt",
			);
			runOnlyForDeploymentPostprocessing = 0;
			shellPath = /bin/sh;
			shellScript = "diff \"${PODS_PODFILE_DIR_PATH}/Podfile.lock\" \"${PODS_ROOT}/Manifest.lock\" > /dev/null\nif [ $? != 0 ] ; then\n    # print error to STDERR\n    echo \"error: The sandbox is not in sync with the Podfile.lock. Run 'pod install' or update your CocoaPods installation.\" >&2\n    exit 1\nfi\n# This output is used by Xcode 'outputs' to avoid re-running this script phase.\necho \"SUCCESS\" > \"${SCRIPT_OUTPUT_FILE_0}\"\n";
			showEnvVarsInLog = 0;
		};
		A1D00ACFF79588443F16B2C6 /* [CP] Embed Pods Frameworks */ = {
			isa = PBXShellScriptBuildPhase;
			buildActionMask = 2147483647;
			files = (
			);
			inputFileListPaths = (
			);
			inputPaths = (
				"${SRCROOT}/Pods/Target Support Files/Pods-FlutterPrograms/Pods-FlutterPrograms-frameworks.sh",
				"${BUILT_PRODUCTS_DIR}/AFNetworking/AFNetworking.framework",
				"${PODS_ROOT}/../../../flutter_module/.ios/Flutter/engine/Flutter.framework",
				"${BUILT_PRODUCTS_DIR}/FlutterPluginRegistrant/FlutterPluginRegistrant.framework",
				"${BUILT_PRODUCTS_DIR}/MJRefresh/MJRefresh.framework",
				"${BUILT_PRODUCTS_DIR}/Masonry/Masonry.framework",
				"${BUILT_PRODUCTS_DIR}/SSZipArchive/SSZipArchive.framework",
				"${BUILT_PRODUCTS_DIR}/SVProgressHUD/SVProgressHUD.framework",
				"${BUILT_PRODUCTS_DIR}/middleman/middleman.framework",
				"${BUILT_PRODUCTS_DIR}/path_provider/path_provider.framework",
				"${BUILT_PRODUCTS_DIR}/share/share.framework",
				"${BUILT_PRODUCTS_DIR}/shared_preferences/shared_preferences.framework",
				"${BUILT_PRODUCTS_DIR}/url_launcher/url_launcher.framework",
			);
			name = "[CP] Embed Pods Frameworks";
			outputFileListPaths = (
			);
			outputPaths = (
				"${TARGET_BUILD_DIR}/${FRAMEWORKS_FOLDER_PATH}/AFNetworking.framework",
				"${TARGET_BUILD_DIR}/${FRAMEWORKS_FOLDER_PATH}/Flutter.framework",
				"${TARGET_BUILD_DIR}/${FRAMEWORKS_FOLDER_PATH}/FlutterPluginRegistrant.framework",
				"${TARGET_BUILD_DIR}/${FRAMEWORKS_FOLDER_PATH}/MJRefresh.framework",
				"${TARGET_BUILD_DIR}/${FRAMEWORKS_FOLDER_PATH}/Masonry.framework",
				"${TARGET_BUILD_DIR}/${FRAMEWORKS_FOLDER_PATH}/SSZipArchive.framework",
				"${TARGET_BUILD_DIR}/${FRAMEWORKS_FOLDER_PATH}/SVProgressHUD.framework",
				"${TARGET_BUILD_DIR}/${FRAMEWORKS_FOLDER_PATH}/middleman.framework",
				"${TARGET_BUILD_DIR}/${FRAMEWORKS_FOLDER_PATH}/path_provider.framework",
				"${TARGET_BUILD_DIR}/${FRAMEWORKS_FOLDER_PATH}/share.framework",
				"${TARGET_BUILD_DIR}/${FRAMEWORKS_FOLDER_PATH}/shared_preferences.framework",
				"${TARGET_BUILD_DIR}/${FRAMEWORKS_FOLDER_PATH}/url_launcher.framework",
			);
			runOnlyForDeploymentPostprocessing = 0;
			shellPath = /bin/sh;
			shellScript = "\"${SRCROOT}/Pods/Target Support Files/Pods-FlutterPrograms/Pods-FlutterPrograms-frameworks.sh\"\n";
			showEnvVarsInLog = 0;
		};
		E71C2618944B73412D43BD42 /* [CP] Embed Pods Frameworks */ = {
			isa = PBXShellScriptBuildPhase;
			buildActionMask = 2147483647;
			files = (
			);
			inputFileListPaths = (
			);
			inputPaths = (
				"${SRCROOT}/Pods/Target Support Files/Pods-FlutterProgramsRelease/Pods-FlutterProgramsRelease-frameworks.sh",
				"${BUILT_PRODUCTS_DIR}/AFNetworking/AFNetworking.framework",
				"${PODS_ROOT}/../../../flutter_module/.ios/Flutter/engine/Flutter.framework",
				"${BUILT_PRODUCTS_DIR}/FlutterPluginRegistrant/FlutterPluginRegistrant.framework",
				"${BUILT_PRODUCTS_DIR}/MJRefresh/MJRefresh.framework",
				"${BUILT_PRODUCTS_DIR}/Masonry/Masonry.framework",
				"${BUILT_PRODUCTS_DIR}/SSZipArchive/SSZipArchive.framework",
				"${BUILT_PRODUCTS_DIR}/SVProgressHUD/SVProgressHUD.framework",
				"${BUILT_PRODUCTS_DIR}/middleman/middleman.framework",
				"${BUILT_PRODUCTS_DIR}/path_provider/path_provider.framework",
				"${BUILT_PRODUCTS_DIR}/share/share.framework",
				"${BUILT_PRODUCTS_DIR}/shared_preferences/shared_preferences.framework",
				"${BUILT_PRODUCTS_DIR}/url_launcher/url_launcher.framework",
			);
			name = "[CP] Embed Pods Frameworks";
			outputFileListPaths = (
			);
			outputPaths = (
				"${TARGET_BUILD_DIR}/${FRAMEWORKS_FOLDER_PATH}/AFNetworking.framework",
				"${TARGET_BUILD_DIR}/${FRAMEWORKS_FOLDER_PATH}/Flutter.framework",
				"${TARGET_BUILD_DIR}/${FRAMEWORKS_FOLDER_PATH}/FlutterPluginRegistrant.framework",
				"${TARGET_BUILD_DIR}/${FRAMEWORKS_FOLDER_PATH}/MJRefresh.framework",
				"${TARGET_BUILD_DIR}/${FRAMEWORKS_FOLDER_PATH}/Masonry.framework",
				"${TARGET_BUILD_DIR}/${FRAMEWORKS_FOLDER_PATH}/SSZipArchive.framework",
				"${TARGET_BUILD_DIR}/${FRAMEWORKS_FOLDER_PATH}/SVProgressHUD.framework",
				"${TARGET_BUILD_DIR}/${FRAMEWORKS_FOLDER_PATH}/middleman.framework",
				"${TARGET_BUILD_DIR}/${FRAMEWORKS_FOLDER_PATH}/path_provider.framework",
				"${TARGET_BUILD_DIR}/${FRAMEWORKS_FOLDER_PATH}/share.framework",
				"${TARGET_BUILD_DIR}/${FRAMEWORKS_FOLDER_PATH}/shared_preferences.framework",
				"${TARGET_BUILD_DIR}/${FRAMEWORKS_FOLDER_PATH}/url_launcher.framework",
			);
			runOnlyForDeploymentPostprocessing = 0;
			shellPath = /bin/sh;
			shellScript = "\"${SRCROOT}/Pods/Target Support Files/Pods-FlutterProgramsRelease/Pods-FlutterProgramsRelease-frameworks.sh\"\n";
			showEnvVarsInLog = 0;
		};
/* End PBXShellScriptBuildPhase section */

/* Begin PBXSourcesBuildPhase section */
		6738861921FAF3C100D3B47A /* Sources */ = {
			isa = PBXSourcesBuildPhase;
			buildActionMask = 2147483647;
			files = (
				678969C421FB1B00003A4EB5 /* NSLayoutConstraint+NNVisualFormat.m in Sources */,
				6738863021FAF3C300D3B47A /* main.m in Sources */,
				67BE6E86222253DC003F55C0 /* FPPath.m in Sources */,
				67C110A822219B4B00164CC8 /* FPNetworkManager.m in Sources */,
				6738862221FAF3C100D3B47A /* AppDelegate.m in Sources */,
				67C110A522219B1B00164CC8 /* FPSpec.m in Sources */,
				67C110A622219B1E00164CC8 /* FPAppBundle.m in Sources */,
				67BE6E992224C211003F55C0 /* FPFlutterController.m in Sources */,
				67BE6EA92224C3D7003F55C0 /* FPAppController.m in Sources */,
				67C110A722219B4600164CC8 /* FPAppBundleManager.m in Sources */,
				67BE6EAD2224C3E8003F55C0 /* FPProgramController.m in Sources */,
			);
			runOnlyForDeploymentPostprocessing = 0;
		};
		6738863121FAF3C300D3B47A /* Sources */ = {
			isa = PBXSourcesBuildPhase;
			buildActionMask = 2147483647;
			files = (
				6738863A21FAF3C300D3B47A /* FlutterProgramsTests.m in Sources */,
			);
			runOnlyForDeploymentPostprocessing = 0;
		};
		6738863C21FAF3C300D3B47A /* Sources */ = {
			isa = PBXSourcesBuildPhase;
			buildActionMask = 2147483647;
			files = (
				6738864521FAF3C300D3B47A /* FlutterProgramsUITests.m in Sources */,
			);
			runOnlyForDeploymentPostprocessing = 0;
		};
		678FCB762202A521002C0262 /* Sources */ = {
			isa = PBXSourcesBuildPhase;
			buildActionMask = 2147483647;
			files = (
				676F9DC82221054C00015E85 /* FPNetworkManager.m in Sources */,
				678FCB772202A521002C0262 /* NSLayoutConstraint+NNVisualFormat.m in Sources */,
				67BE6EAC2224C3E8003F55C0 /* FPProgramController.m in Sources */,
				678FCB782202A521002C0262 /* main.m in Sources */,
				678FCB792202A521002C0262 /* AppDelegate.m in Sources */,
				676F9DE022218A7800015E85 /* FPSpec.m in Sources */,
				67BE6EA82224C3D7003F55C0 /* FPAppController.m in Sources */,
				676F9DC32220FF7E00015E85 /* FPAppBundleManager.m in Sources */,
				67BE6E982224C211003F55C0 /* FPFlutterController.m in Sources */,
				67BE6E85222253DC003F55C0 /* FPPath.m in Sources */,
				676F9DDD222187E000015E85 /* FPAppBundle.m in Sources */,
			);
			runOnlyForDeploymentPostprocessing = 0;
		};
/* End PBXSourcesBuildPhase section */

/* Begin PBXTargetDependency section */
		6738863721FAF3C300D3B47A /* PBXTargetDependency */ = {
			isa = PBXTargetDependency;
			target = 6738861C21FAF3C100D3B47A /* FlutterProgramsRelease */;
			targetProxy = 6738863621FAF3C300D3B47A /* PBXContainerItemProxy */;
		};
		6738864221FAF3C300D3B47A /* PBXTargetDependency */ = {
			isa = PBXTargetDependency;
			target = 6738861C21FAF3C100D3B47A /* FlutterProgramsRelease */;
			targetProxy = 6738864121FAF3C300D3B47A /* PBXContainerItemProxy */;
		};
/* End PBXTargetDependency section */

/* Begin PBXVariantGroup section */
		6738862B21FAF3C300D3B47A /* LaunchScreen.storyboard */ = {
			isa = PBXVariantGroup;
			children = (
				6738862C21FAF3C300D3B47A /* Base */,
			);
			name = LaunchScreen.storyboard;
			sourceTree = "<group>";
		};
/* End PBXVariantGroup section */

/* Begin XCBuildConfiguration section */
		6738864721FAF3C300D3B47A /* Debug */ = {
			isa = XCBuildConfiguration;
			buildSettings = {
				ALWAYS_SEARCH_USER_PATHS = NO;
				CLANG_ANALYZER_NONNULL = YES;
				CLANG_ANALYZER_NUMBER_OBJECT_CONVERSION = YES_AGGRESSIVE;
				CLANG_CXX_LANGUAGE_STANDARD = "gnu++14";
				CLANG_CXX_LIBRARY = "libc++";
				CLANG_ENABLE_MODULES = YES;
				CLANG_ENABLE_OBJC_ARC = YES;
				CLANG_ENABLE_OBJC_WEAK = YES;
				CLANG_WARN_BLOCK_CAPTURE_AUTORELEASING = YES;
				CLANG_WARN_BOOL_CONVERSION = YES;
				CLANG_WARN_COMMA = YES;
				CLANG_WARN_CONSTANT_CONVERSION = YES;
				CLANG_WARN_DEPRECATED_OBJC_IMPLEMENTATIONS = YES;
				CLANG_WARN_DIRECT_OBJC_ISA_USAGE = YES_ERROR;
				CLANG_WARN_DOCUMENTATION_COMMENTS = YES;
				CLANG_WARN_EMPTY_BODY = YES;
				CLANG_WARN_ENUM_CONVERSION = YES;
				CLANG_WARN_INFINITE_RECURSION = YES;
				CLANG_WARN_INT_CONVERSION = YES;
				CLANG_WARN_NON_LITERAL_NULL_CONVERSION = YES;
				CLANG_WARN_OBJC_IMPLICIT_RETAIN_SELF = YES;
				CLANG_WARN_OBJC_LITERAL_CONVERSION = YES;
				CLANG_WARN_OBJC_ROOT_CLASS = YES_ERROR;
				CLANG_WARN_RANGE_LOOP_ANALYSIS = YES;
				CLANG_WARN_STRICT_PROTOTYPES = YES;
				CLANG_WARN_SUSPICIOUS_MOVE = YES;
				CLANG_WARN_UNGUARDED_AVAILABILITY = YES_AGGRESSIVE;
				CLANG_WARN_UNREACHABLE_CODE = YES;
				CLANG_WARN__DUPLICATE_METHOD_MATCH = YES;
				CODE_SIGN_IDENTITY = "iPhone Developer";
				COPY_PHASE_STRIP = NO;
				DEBUG_INFORMATION_FORMAT = dwarf;
				ENABLE_STRICT_OBJC_MSGSEND = YES;
				ENABLE_TESTABILITY = YES;
				GCC_C_LANGUAGE_STANDARD = gnu11;
				GCC_DYNAMIC_NO_PIC = NO;
				GCC_NO_COMMON_BLOCKS = YES;
				GCC_OPTIMIZATION_LEVEL = 0;
				GCC_PREPROCESSOR_DEFINITIONS = (
					"DEBUG=1",
					"$(inherited)",
				);
				GCC_WARN_64_TO_32_BIT_CONVERSION = YES;
				GCC_WARN_ABOUT_RETURN_TYPE = YES_ERROR;
				GCC_WARN_UNDECLARED_SELECTOR = YES;
				GCC_WARN_UNINITIALIZED_AUTOS = YES_AGGRESSIVE;
				GCC_WARN_UNUSED_FUNCTION = YES;
				GCC_WARN_UNUSED_VARIABLE = YES;
				IPHONEOS_DEPLOYMENT_TARGET = 9.0;
				MTL_ENABLE_DEBUG_INFO = INCLUDE_SOURCE;
				MTL_FAST_MATH = YES;
				ONLY_ACTIVE_ARCH = YES;
				SDKROOT = iphoneos;
			};
			name = Debug;
		};
		6738864821FAF3C300D3B47A /* Release */ = {
			isa = XCBuildConfiguration;
			buildSettings = {
				ALWAYS_SEARCH_USER_PATHS = NO;
				CLANG_ANALYZER_NONNULL = YES;
				CLANG_ANALYZER_NUMBER_OBJECT_CONVERSION = YES_AGGRESSIVE;
				CLANG_CXX_LANGUAGE_STANDARD = "gnu++14";
				CLANG_CXX_LIBRARY = "libc++";
				CLANG_ENABLE_MODULES = YES;
				CLANG_ENABLE_OBJC_ARC = YES;
				CLANG_ENABLE_OBJC_WEAK = YES;
				CLANG_WARN_BLOCK_CAPTURE_AUTORELEASING = YES;
				CLANG_WARN_BOOL_CONVERSION = YES;
				CLANG_WARN_COMMA = YES;
				CLANG_WARN_CONSTANT_CONVERSION = YES;
				CLANG_WARN_DEPRECATED_OBJC_IMPLEMENTATIONS = YES;
				CLANG_WARN_DIRECT_OBJC_ISA_USAGE = YES_ERROR;
				CLANG_WARN_DOCUMENTATION_COMMENTS = YES;
				CLANG_WARN_EMPTY_BODY = YES;
				CLANG_WARN_ENUM_CONVERSION = YES;
				CLANG_WARN_INFINITE_RECURSION = YES;
				CLANG_WARN_INT_CONVERSION = YES;
				CLANG_WARN_NON_LITERAL_NULL_CONVERSION = YES;
				CLANG_WARN_OBJC_IMPLICIT_RETAIN_SELF = YES;
				CLANG_WARN_OBJC_LITERAL_CONVERSION = YES;
				CLANG_WARN_OBJC_ROOT_CLASS = YES_ERROR;
				CLANG_WARN_RANGE_LOOP_ANALYSIS = YES;
				CLANG_WARN_STRICT_PROTOTYPES = YES;
				CLANG_WARN_SUSPICIOUS_MOVE = YES;
				CLANG_WARN_UNGUARDED_AVAILABILITY = YES_AGGRESSIVE;
				CLANG_WARN_UNREACHABLE_CODE = YES;
				CLANG_WARN__DUPLICATE_METHOD_MATCH = YES;
				CODE_SIGN_IDENTITY = "iPhone Developer";
				COPY_PHASE_STRIP = NO;
				DEBUG_INFORMATION_FORMAT = "dwarf-with-dsym";
				ENABLE_NS_ASSERTIONS = NO;
				ENABLE_STRICT_OBJC_MSGSEND = YES;
				GCC_C_LANGUAGE_STANDARD = gnu11;
				GCC_NO_COMMON_BLOCKS = YES;
				GCC_WARN_64_TO_32_BIT_CONVERSION = YES;
				GCC_WARN_ABOUT_RETURN_TYPE = YES_ERROR;
				GCC_WARN_UNDECLARED_SELECTOR = YES;
				GCC_WARN_UNINITIALIZED_AUTOS = YES_AGGRESSIVE;
				GCC_WARN_UNUSED_FUNCTION = YES;
				GCC_WARN_UNUSED_VARIABLE = YES;
				IPHONEOS_DEPLOYMENT_TARGET = 9.0;
				MTL_ENABLE_DEBUG_INFO = NO;
				MTL_FAST_MATH = YES;
				SDKROOT = iphoneos;
				VALIDATE_PRODUCT = YES;
			};
			name = Release;
		};
		6738864A21FAF3C300D3B47A /* Debug */ = {
			isa = XCBuildConfiguration;
			baseConfigurationReference = 76A8511446C2520A0C6763EB /* Pods-FlutterProgramsRelease.debug.xcconfig */;
			buildSettings = {
				ASSETCATALOG_COMPILER_APPICON_NAME = AppIcon;
				CODE_SIGN_STYLE = Manual;
				DEVELOPMENT_TEAM = D42J6S8LXL;
				ENABLE_BITCODE = NO;
				GCC_PREFIX_HEADER = "${SRCROOT}/FlutterPrograms/Supporting Files/PrefixHeader.pch";
				INFOPLIST_FILE = "$(SRCROOT)/FlutterPrograms/Supporting Files/Info-release.plist";
				LD_RUNPATH_SEARCH_PATHS = (
					"$(inherited)",
					"@executable_path/Frameworks",
				);
				PRODUCT_BUNDLE_IDENTIFIER = com.build.app;
				PRODUCT_NAME = "$(TARGET_NAME)";
				PROVISIONING_PROFILE_SPECIFIER = Build;
				TARGETED_DEVICE_FAMILY = "1,2";
			};
			name = Debug;
		};
		6738864B21FAF3C300D3B47A /* Release */ = {
			isa = XCBuildConfiguration;
			baseConfigurationReference = 27CCB746F31A3E56E23994B2 /* Pods-FlutterProgramsRelease.release.xcconfig */;
			buildSettings = {
				ASSETCATALOG_COMPILER_APPICON_NAME = AppIcon;
				CODE_SIGN_STYLE = Manual;
				DEVELOPMENT_TEAM = "";
				ENABLE_BITCODE = NO;
				GCC_PREFIX_HEADER = "${SRCROOT}/FlutterPrograms/Supporting Files/PrefixHeader.pch";
				INFOPLIST_FILE = "$(SRCROOT)/FlutterPrograms/Supporting Files/Info-release.plist";
				LD_RUNPATH_SEARCH_PATHS = (
					"$(inherited)",
					"@executable_path/Frameworks",
				);
				PRODUCT_BUNDLE_IDENTIFIER = com.build.app;
				PRODUCT_NAME = "$(TARGET_NAME)";
				PROVISIONING_PROFILE_SPECIFIER = "";
				TARGETED_DEVICE_FAMILY = "1,2";
			};
			name = Release;
		};
		6738864D21FAF3C300D3B47A /* Debug */ = {
			isa = XCBuildConfiguration;
			buildSettings = {
				BUNDLE_LOADER = "$(TEST_HOST)";
				CODE_SIGN_STYLE = Automatic;
				INFOPLIST_FILE = FlutterProgramsTests/Info.plist;
				LD_RUNPATH_SEARCH_PATHS = (
					"$(inherited)",
					"@executable_path/Frameworks",
					"@loader_path/Frameworks",
				);
				PRODUCT_BUNDLE_IDENTIFIER = com.nn.FlutterProgramsTests;
				PRODUCT_NAME = "$(TARGET_NAME)";
				TARGETED_DEVICE_FAMILY = "1,2";
				TEST_HOST = "$(BUILT_PRODUCTS_DIR)/FlutterPrograms.app/FlutterPrograms";
			};
			name = Debug;
		};
		6738864E21FAF3C300D3B47A /* Release */ = {
			isa = XCBuildConfiguration;
			buildSettings = {
				BUNDLE_LOADER = "$(TEST_HOST)";
				CODE_SIGN_STYLE = Automatic;
				INFOPLIST_FILE = FlutterProgramsTests/Info.plist;
				LD_RUNPATH_SEARCH_PATHS = (
					"$(inherited)",
					"@executable_path/Frameworks",
					"@loader_path/Frameworks",
				);
				PRODUCT_BUNDLE_IDENTIFIER = com.nn.FlutterProgramsTests;
				PRODUCT_NAME = "$(TARGET_NAME)";
				TARGETED_DEVICE_FAMILY = "1,2";
				TEST_HOST = "$(BUILT_PRODUCTS_DIR)/FlutterPrograms.app/FlutterPrograms";
			};
			name = Release;
		};
		6738865021FAF3C300D3B47A /* Debug */ = {
			isa = XCBuildConfiguration;
			buildSettings = {
				CODE_SIGN_STYLE = Automatic;
				INFOPLIST_FILE = FlutterProgramsUITests/Info.plist;
				LD_RUNPATH_SEARCH_PATHS = (
					"$(inherited)",
					"@executable_path/Frameworks",
					"@loader_path/Frameworks",
				);
				PRODUCT_BUNDLE_IDENTIFIER = com.nn.FlutterProgramsUITests;
				PRODUCT_NAME = "$(TARGET_NAME)";
				TARGETED_DEVICE_FAMILY = "1,2";
				TEST_TARGET_NAME = FlutterPrograms;
			};
			name = Debug;
		};
		6738865121FAF3C300D3B47A /* Release */ = {
			isa = XCBuildConfiguration;
			buildSettings = {
				CODE_SIGN_STYLE = Automatic;
				INFOPLIST_FILE = FlutterProgramsUITests/Info.plist;
				LD_RUNPATH_SEARCH_PATHS = (
					"$(inherited)",
					"@executable_path/Frameworks",
					"@loader_path/Frameworks",
				);
				PRODUCT_BUNDLE_IDENTIFIER = com.nn.FlutterProgramsUITests;
				PRODUCT_NAME = "$(TARGET_NAME)";
				TARGETED_DEVICE_FAMILY = "1,2";
				TEST_TARGET_NAME = FlutterPrograms;
			};
			name = Release;
		};
		678FCB852202A521002C0262 /* Debug */ = {
			isa = XCBuildConfiguration;
			baseConfigurationReference = 45915A349FE372FF18B9A372 /* Pods-FlutterPrograms.debug.xcconfig */;
			buildSettings = {
				ASSETCATALOG_COMPILER_APPICON_NAME = AppIcon;
				CODE_SIGN_IDENTITY = "iPhone Developer";
				CODE_SIGN_STYLE = Automatic;
				DEVELOPMENT_TEAM = TN94U5BZF3;
				ENABLE_BITCODE = NO;
				GCC_PREFIX_HEADER = "${SRCROOT}/FlutterPrograms/Supporting Files/PrefixHeader.pch";
				INFOPLIST_FILE = "$(SRCROOT)/FlutterPrograms/Supporting Files/Info.plist";
				LD_RUNPATH_SEARCH_PATHS = (
					"$(inherited)",
					"@executable_path/Frameworks",
				);
				PRODUCT_BUNDLE_IDENTIFIER = com.build.dev;
				PRODUCT_NAME = "$(TARGET_NAME)";
				PROVISIONING_PROFILE_SPECIFIER = "";
				TARGETED_DEVICE_FAMILY = "1,2";
			};
			name = Debug;
		};
		678FCB862202A521002C0262 /* Release */ = {
			isa = XCBuildConfiguration;
			baseConfigurationReference = 7F2996DEFB88239C6317A445 /* Pods-FlutterPrograms.release.xcconfig */;
			buildSettings = {
				ASSETCATALOG_COMPILER_APPICON_NAME = AppIcon;
				CODE_SIGN_IDENTITY = "iPhone Developer";
				CODE_SIGN_STYLE = Automatic;
				DEVELOPMENT_TEAM = TN94U5BZF3;
				ENABLE_BITCODE = NO;
				GCC_PREFIX_HEADER = "${SRCROOT}/FlutterPrograms/Supporting Files/PrefixHeader.pch";
				INFOPLIST_FILE = "$(SRCROOT)/FlutterPrograms/Supporting Files/Info.plist";
				LD_RUNPATH_SEARCH_PATHS = (
					"$(inherited)",
					"@executable_path/Frameworks",
				);
				PRODUCT_BUNDLE_IDENTIFIER = com.build.dev;
				PRODUCT_NAME = "$(TARGET_NAME)";
				PROVISIONING_PROFILE_SPECIFIER = "";
				TARGETED_DEVICE_FAMILY = "1,2";
			};
			name = Release;
		};
/* End XCBuildConfiguration section */

/* Begin XCConfigurationList section */
		6738861821FAF3C100D3B47A /* Build configuration list for PBXProject "FlutterPrograms" */ = {
			isa = XCConfigurationList;
			buildConfigurations = (
				6738864721FAF3C300D3B47A /* Debug */,
				6738864821FAF3C300D3B47A /* Release */,
			);
			defaultConfigurationIsVisible = 0;
			defaultConfigurationName = Release;
		};
		6738864921FAF3C300D3B47A /* Build configuration list for PBXNativeTarget "FlutterProgramsRelease" */ = {
			isa = XCConfigurationList;
			buildConfigurations = (
				6738864A21FAF3C300D3B47A /* Debug */,
				6738864B21FAF3C300D3B47A /* Release */,
			);
			defaultConfigurationIsVisible = 0;
			defaultConfigurationName = Release;
		};
		6738864C21FAF3C300D3B47A /* Build configuration list for PBXNativeTarget "FlutterProgramsTests" */ = {
			isa = XCConfigurationList;
			buildConfigurations = (
				6738864D21FAF3C300D3B47A /* Debug */,
				6738864E21FAF3C300D3B47A /* Release */,
			);
			defaultConfigurationIsVisible = 0;
			defaultConfigurationName = Release;
		};
		6738864F21FAF3C300D3B47A /* Build configuration list for PBXNativeTarget "FlutterProgramsUITests" */ = {
			isa = XCConfigurationList;
			buildConfigurations = (
				6738865021FAF3C300D3B47A /* Debug */,
				6738865121FAF3C300D3B47A /* Release */,
			);
			defaultConfigurationIsVisible = 0;
			defaultConfigurationName = Release;
		};
		678FCB842202A521002C0262 /* Build configuration list for PBXNativeTarget "FlutterPrograms" */ = {
			isa = XCConfigurationList;
			buildConfigurations = (
				678FCB852202A521002C0262 /* Debug */,
				678FCB862202A521002C0262 /* Release */,
			);
			defaultConfigurationIsVisible = 0;
			defaultConfigurationName = Release;
		};
/* End XCConfigurationList section */
	};
	rootObject = 6738861521FAF3C100D3B47A /* Project object */;
}
